
Microsoft Visual Studio Solution File, Format Version 12.00
# Visual Studio Version 16
VisualStudioVersion = 16.0.31727.386
MinimumVisualStudioVersion = 10.0.40219.1
Project("{FAE04EC0-301F-11D3-BF4B-00C04F79EFBC}") = "FerreteriaMVVM", "FerreteriaMVVM\FerreteriaMVVM.csproj", "{FBD9B3EA-936E-4A19-B478-2316AFABD372}"
EndProject
Global
	GlobalSection(SolutionConfigurationPlatforms) = preSolution
		Debug|Any CPU = Debug|Any CPU
		Release|Any CPU = Release|Any CPU
	EndGlobalSection
	GlobalSection(ProjectConfigurationPlatforms) = postSolution
		{FBD9B3EA-936E-4A19-B478-2316AFABD372}.Debug|Any CPU.ActiveCfg = Debug|Any CPU
		{FBD9B3EA-936E-4A19-B478-2316AFABD372}.Debug|Any CPU.Build.0 = Debug|Any CPU
		{FBD9B3EA-936E-4A19-B478-2316AFABD372}.Release|Any CPU.ActiveCfg = Release|Any CPU
		{FBD9B3EA-936E-4A19-B478-2316AFABD372}.Release|Any CPU.Build.0 = Release|Any CPU
	EndGlobalSection
	GlobalSection(SolutionProperties) = preSolution
		HideSolutionNode = FALSE
	EndGlobalSection
	GlobalSection(ExtensibilityGlobals) = postSolution
		SolutionGuid = {767F278D-EF40-437C-A570-7C676AECCA2F}
	EndGlobalSection
EndGlobal
